{"1.1.0",
[{<<"cowboy">>,{pkg,<<"cowboy">>,<<"2.6.1">>},1},
 {<<"cowlib">>,{pkg,<<"cowlib">>,<<"2.7.3">>},2},
 {<<"cuttlefish">>,
  {git,"https://github.com/emqx/cuttlefish",
       {ref,"0fe0d370dc618ff6aba79f3eb7b7156ee8135332"}},
  1},
 {<<"ecpool">>,{pkg,<<"ecpool">>,<<"0.3.0">>},0},
 {<<"ekka">>,{pkg,<<"ekka">>,<<"0.5.6">>},1},
 {<<"emqx">>,
  {git,"https://github.com/emqx/emqx",
       {ref,"8234b616e51501521d051a5120585477aa3d5b21"}},
  0},
 {<<"emqx_rule_engine">>,
  {git,"https://github.com/emqx/emqx-rule-engine",
       {ref,"48bd91eec8ffb8345b873346fb68454e52268ad4"}},
  0},
 {<<"esockd">>,{pkg,<<"esockd">>,<<"5.5.0">>},1},
 {<<"gen_rpc">>,
  {git,"https://github.com/emqx/gen_rpc",
       {ref,"8858fc3755dafe7380a21c0579da5bfa4d33c8e7"}},
  1},
 {<<"getopt">>,
  {git,"https://github.com/emqx/getopt.git",
       {ref,"215f2083408e1fe562d441aea6062bf5d9e1fb67"}},
  2},
 {<<"gproc">>,{pkg,<<"gproc">>,<<"0.8.0">>},1},
 {<<"jpparse">>,
  {git,"https://github.com/K2InformaticsGmbH/jpparse.git",
       {ref,"a2b064c6e68bdc68da4cce4f9e208eb1e0b9c571"}},
  2},
 {<<"jsx">>,{pkg,<<"jsx">>,<<"2.9.0">>},1},
 {<<"minirest">>,
  {git,"https://github.com/emqx/minirest",
       {ref,"2ee76e6a36edb34f8c84d5ab5b8c3fc02621a288"}},
  1},
 {<<"ranch">>,{pkg,<<"ranch">>,<<"1.7.1">>},2},
 {<<"replayq">>,{pkg,<<"replayq">>,<<"0.1.1">>},1},
 {<<"sqlparse">>,
  {git,"https://github.com/emqx/sqlparse",
       {ref,"50da7fd2e64259d78e25ca1a5c80d969be5007ab"}},
  1},
 {<<"ssl_verify_fun">>,
  {git,"https://github.com/deadtrickster/ssl_verify_fun.erl.git",
       {ref,"c5718226b0b9f3d1a38ef6ca3c3b4c75f53dda92"}},
  2}]}.
[
{pkg_hash,[
 {<<"cowboy">>, <<"F2E06F757C337B3B311F9437E6E072B678FCD71545A7B2865BDAA154D078593F">>},
 {<<"cowlib">>, <<"A7FFCD0917E6D50B4D5FB28E9E2085A0CEB3C97DEA310505F7460FF5ED764CE9">>},
 {<<"ecpool">>, <<"7851A538DF45B7A95B3E1C5291F32166D27B03552AFC64922FF3DA25EB67754B">>},
 {<<"ekka">>, <<"63FD4B6D4B7F661E6F80E1CBBA144E87657F97298EFDB220A6224AA2784A3B1F">>},
 {<<"esockd">>, <<"53017454B0F7AFA248E34CAD51823D5693FC41AFD1A29A658DB9DC8A0B4A851D">>},
 {<<"gproc">>, <<"CEA02C578589C61E5341FCE149EA36CCEF236CC2ECAC8691FBA408E7EA77EC2F">>},
 {<<"jsx">>, <<"D2F6E5F069C00266CAD52FB15D87C428579EA4D7D73A33669E12679E203329DD">>},
 {<<"ranch">>, <<"6B1FAB51B49196860B733A49C07604465A47BDB78AA10C1C16A3D199F7F8C881">>},
 {<<"replayq">>, <<"60DC08767240F112748D02DA11F689A45BE1AD899683B0775B92AB77B0FEF64D">>}]}
].
